{
  "requires": true,
  "lockfileVersion": 1,
  "dependencies": {
    "airport-autocomplete-js": {
      "version": "2.1.2",
      "resolved": "https://registry.npmjs.org/airport-autocomplete-js/-/airport-autocomplete-js-2.1.2.tgz",
      "integrity": "sha512-71WVPQaNCFTWFUjU/tCl3j+nuH9lHv2xF/DfizPTvEpCFOFBvAML9U72/ikW0SsYlFO2ciabNcb0P8x2XMVx5A==",
      "requires": {
        "eslint-plugin-prettier": "3.0.1",
        "fuse.js": "^3.2.1"
      },
      "dependencies": {
        "fuse.js": {
          "version": "3.6.1",
          "resolved": "https://registry.npmjs.org/fuse.js/-/fuse.js-3.6.1.tgz",
          "integrity": "sha512-hT9yh/tiinkmirKrlv4KWOjztdoZo1mx9Qh4KvWqC7isoXwdUY3PNWUxceF4/qO9R6riA2C29jdTOeQOIROjgw=="
        }
      }
    },
    "eslint-plugin-prettier": {
      "version": "3.0.1",
      "resolved": "https://registry.npmjs.org/eslint-plugin-prettier/-/eslint-plugin-prettier-3.0.1.tgz",
      "integrity": "sha512-/PMttrarPAY78PLvV3xfWibMOdMDl57hmlQ2XqFeA37wd+CJ7WSxV7txqjVPHi/AAFKd2lX0ZqfsOc/i5yFCSQ==",
      "requires": {
        "prettier-linter-helpers": "^1.0.0"
      }
    },
    "fast-diff": {
      "version": "1.2.0",
      "resolved": "https://registry.npmjs.org/fast-diff/-/fast-diff-1.2.0.tgz",
      "integrity": "sha512-xJuoT5+L99XlZ8twedaRf6Ax2TgQVxvgZOYoPKqZufmJib0tL2tegPBOZb1pVNgIhlqDlA0eO0c3wBvQcmzx4w=="
    },
    "fuse.js": {
      "version": "5.1.0",
      "resolved": "https://registry.npmjs.org/fuse.js/-/fuse.js-5.1.0.tgz",
      "integrity": "sha512-R8nPr9tQx0HdjRJsqkESimL7o/2Xe0/Lw0cMBrBjkAKAJFq6D6u/o3obteqxkvOJNEgS4xPP78dxoNMaCWNoGg=="
    },
    "install": {
      "version": "0.13.0",
      "resolved": "https://registry.npmjs.org/install/-/install-0.13.0.tgz",
      "integrity": "sha512-zDml/jzr2PKU9I8J/xyZBQn8rPCAY//UOYNmR01XwNwyfhEWObo2SWfSl1+0tm1u6PhxLwDnfsT/6jB7OUxqFA=="
    },
    "prettier-linter-helpers": {
      "version": "1.0.0",
      "resolved": "https://registry.npmjs.org/prettier-linter-helpers/-/prettier-linter-helpers-1.0.0.tgz",
      "integrity": "sha512-GbK2cP9nraSSUF9N2XwUwqfzlAFlMNYYl+ShE/V+H8a9uNl/oUqB1w2EL54Jh0OlyRSd8RfWYJ3coVS4TROP2w==",
      "requires": {
        "fast-diff": "^1.1.2"
      }
    }
  }
}
